// !$*UTF8*$!
{
	archiveVersion = 1;
	classes = {
	};
	objectVersion = 56;
	objects = {

/* Begin PBXBuildFile section */
		1C36A4042B9E92DC009CDF29 /* InviteUserToGroupPopover.swift in Sources */ = {isa = PBXBuildFile; fileRef = 1C36A4032B9E92DC009CDF29 /* InviteUserToGroupPopover.swift */; };
		1C573E432B9D266000F87F53 /* acountability101App.swift in Sources */ = {isa = PBXBuildFile; fileRef = 1C573E422B9D266000F87F53 /* acountability101App.swift */; };
		1C573E452B9D266000F87F53 /* ContentView.swift in Sources */ = {isa = PBXBuildFile; fileRef = 1C573E442B9D266000F87F53 /* ContentView.swift */; };
		1C573E472B9D266200F87F53 /* Assets.xcassets in Resources */ = {isa = PBXBuildFile; fileRef = 1C573E462B9D266200F87F53 /* Assets.xcassets */; };
		1C573E4A2B9D266200F87F53 /* Preview Assets.xcassets in Resources */ = {isa = PBXBuildFile; fileRef = 1C573E492B9D266200F87F53 /* Preview Assets.xcassets */; };
		1C573E542B9D266200F87F53 /* acountability101Tests.swift in Sources */ = {isa = PBXBuildFile; fileRef = 1C573E532B9D266200F87F53 /* acountability101Tests.swift */; };
		1C573E5E2B9D266200F87F53 /* acountability101UITests.swift in Sources */ = {isa = PBXBuildFile; fileRef = 1C573E5D2B9D266200F87F53 /* acountability101UITests.swift */; };
		1C573E602B9D266200F87F53 /* acountability101UITestsLaunchTests.swift in Sources */ = {isa = PBXBuildFile; fileRef = 1C573E5F2B9D266200F87F53 /* acountability101UITestsLaunchTests.swift */; };
		1C573E6F2B9D277F00F87F53 /* HomeView.swift in Sources */ = {isa = PBXBuildFile; fileRef = 1C573E6E2B9D277F00F87F53 /* HomeView.swift */; };
		1C573E722B9D2B2600F87F53 /* Post.swift in Sources */ = {isa = PBXBuildFile; fileRef = 1C573E712B9D2B2600F87F53 /* Post.swift */; };
		1C573E752B9D2B9300F87F53 /* GroupCard.swift in Sources */ = {isa = PBXBuildFile; fileRef = 1C573E742B9D2B9300F87F53 /* GroupCard.swift */; };
		1C573E782B9E026E00F87F53 /* GroupsScreen.swift in Sources */ = {isa = PBXBuildFile; fileRef = 1C573E772B9E026E00F87F53 /* GroupsScreen.swift */; };
		1C573E7A2B9E042500F87F53 /* GroupPreviewCard.swift in Sources */ = {isa = PBXBuildFile; fileRef = 1C573E792B9E042500F87F53 /* GroupPreviewCard.swift */; };
		1C573E7C2B9E06D500F87F53 /* CreateGroupScreen.swift in Sources */ = {isa = PBXBuildFile; fileRef = 1C573E7B2B9E06D500F87F53 /* CreateGroupScreen.swift */; };
		1C573E812B9E5BFF00F87F53 /* CreatePostTypePopoverView.swift in Sources */ = {isa = PBXBuildFile; fileRef = 1C573E802B9E5BFF00F87F53 /* CreatePostTypePopoverView.swift */; };
/* End PBXBuildFile section */

/* Begin PBXContainerItemProxy section */
		1C573E502B9D266200F87F53 /* PBXContainerItemProxy */ = {
			isa = PBXContainerItemProxy;
			containerPortal = 1C573E372B9D266000F87F53 /* Project object */;
			proxyType = 1;
			remoteGlobalIDString = 1C573E3E2B9D266000F87F53;
			remoteInfo = acountability101;
		};
		1C573E5A2B9D266200F87F53 /* PBXContainerItemProxy */ = {
			isa = PBXContainerItemProxy;
			containerPortal = 1C573E372B9D266000F87F53 /* Project object */;
			proxyType = 1;
			remoteGlobalIDString = 1C573E3E2B9D266000F87F53;
			remoteInfo = acountability101;
		};
/* End PBXContainerItemProxy section */

/* Begin PBXFileReference section */
		1C36A4032B9E92DC009CDF29 /* InviteUserToGroupPopover.swift */ = {isa = PBXFileReference; lastKnownFileType = sourcecode.swift; path = InviteUserToGroupPopover.swift; sourceTree = "<group>"; };
		1C573E3F2B9D266000F87F53 /* acountability101.app */ = {isa = PBXFileReference; explicitFileType = wrapper.application; includeInIndex = 0; path = acountability101.app; sourceTree = BUILT_PRODUCTS_DIR; };
		1C573E422B9D266000F87F53 /* acountability101App.swift */ = {isa = PBXFileReference; lastKnownFileType = sourcecode.swift; path = acountability101App.swift; sourceTree = "<group>"; };
		1C573E442B9D266000F87F53 /* ContentView.swift */ = {isa = PBXFileReference; lastKnownFileType = sourcecode.swift; path = ContentView.swift; sourceTree = "<group>"; };
		1C573E462B9D266200F87F53 /* Assets.xcassets */ = {isa = PBXFileReference; lastKnownFileType = folder.assetcatalog; path = Assets.xcassets; sourceTree = "<group>"; };
		1C573E492B9D266200F87F53 /* Preview Assets.xcassets */ = {isa = PBXFileReference; lastKnownFileType = folder.assetcatalog; path = "Preview Assets.xcassets"; sourceTree = "<group>"; };
		1C573E4F2B9D266200F87F53 /* acountability101Tests.xctest */ = {isa = PBXFileReference; explicitFileType = wrapper.cfbundle; includeInIndex = 0; path = acountability101Tests.xctest; sourceTree = BUILT_PRODUCTS_DIR; };
		1C573E532B9D266200F87F53 /* acountability101Tests.swift */ = {isa = PBXFileReference; lastKnownFileType = sourcecode.swift; path = acountability101Tests.swift; sourceTree = "<group>"; };
		1C573E592B9D266200F87F53 /* acountability101UITests.xctest */ = {isa = PBXFileReference; explicitFileType = wrapper.cfbundle; includeInIndex = 0; path = acountability101UITests.xctest; sourceTree = BUILT_PRODUCTS_DIR; };
		1C573E5D2B9D266200F87F53 /* acountability101UITests.swift */ = {isa = PBXFileReference; lastKnownFileType = sourcecode.swift; path = acountability101UITests.swift; sourceTree = "<group>"; };
		1C573E5F2B9D266200F87F53 /* acountability101UITestsLaunchTests.swift */ = {isa = PBXFileReference; lastKnownFileType = sourcecode.swift; path = acountability101UITestsLaunchTests.swift; sourceTree = "<group>"; };
		1C573E6E2B9D277F00F87F53 /* HomeView.swift */ = {isa = PBXFileReference; lastKnownFileType = sourcecode.swift; path = HomeView.swift; sourceTree = "<group>"; };
		1C573E712B9D2B2600F87F53 /* Post.swift */ = {isa = PBXFileReference; lastKnownFileType = sourcecode.swift; path = Post.swift; sourceTree = "<group>"; };
		1C573E742B9D2B9300F87F53 /* GroupCard.swift */ = {isa = PBXFileReference; lastKnownFileType = sourcecode.swift; path = GroupCard.swift; sourceTree = "<group>"; };
		1C573E772B9E026E00F87F53 /* GroupsScreen.swift */ = {isa = PBXFileReference; lastKnownFileType = sourcecode.swift; path = GroupsScreen.swift; sourceTree = "<group>"; };
		1C573E792B9E042500F87F53 /* GroupPreviewCard.swift */ = {isa = PBXFileReference; lastKnownFileType = sourcecode.swift; path = GroupPreviewCard.swift; sourceTree = "<group>"; };
		1C573E7B2B9E06D500F87F53 /* CreateGroupScreen.swift */ = {isa = PBXFileReference; lastKnownFileType = sourcecode.swift; path = CreateGroupScreen.swift; sourceTree = "<group>"; };
		1C573E802B9E5BFF00F87F53 /* CreatePostTypePopoverView.swift */ = {isa = PBXFileReference; lastKnownFileType = sourcecode.swift; path = CreatePostTypePopoverView.swift; sourceTree = "<group>"; };
/* End PBXFileReference section */

/* Begin PBXFrameworksBuildPhase section */
		1C573E3C2B9D266000F87F53 /* Frameworks */ = {
			isa = PBXFrameworksBuildPhase;
			buildActionMask = 2147483647;
			files = (
			);
			runOnlyForDeploymentPostprocessing = 0;
		};
		1C573E4C2B9D266200F87F53 /* Frameworks */ = {
			isa = PBXFrameworksBuildPhase;
			buildActionMask = 2147483647;
			files = (
			);
			runOnlyForDeploymentPostprocessing = 0;
		};
		1C573E562B9D266200F87F53 /* Frameworks */ = {
			isa = PBXFrameworksBuildPhase;
			buildActionMask = 2147483647;
			files = (
			);
			runOnlyForDeploymentPostprocessing = 0;
		};
/* End PBXFrameworksBuildPhase section */

/* Begin PBXGroup section */
		1C573E362B9D266000F87F53 = {
			isa = PBXGroup;
			children = (
				1C573E412B9D266000F87F53 /* acountability101 */,
				1C573E522B9D266200F87F53 /* acountability101Tests */,
				1C573E5C2B9D266200F87F53 /* acountability101UITests */,
				1C573E402B9D266000F87F53 /* Products */,
			);
			sourceTree = "<group>";
		};
		1C573E402B9D266000F87F53 /* Products */ = {
			isa = PBXGroup;
			children = (
				1C573E3F2B9D266000F87F53 /* acountability101.app */,
				1C573E4F2B9D266200F87F53 /* acountability101Tests.xctest */,
				1C573E592B9D266200F87F53 /* acountability101UITests.xctest */,
			);
			name = Products;
			sourceTree = "<group>";
		};
		1C573E412B9D266000F87F53 /* acountability101 */ = {
			isa = PBXGroup;
			children = (
				1C573E702B9D2ACB00F87F53 /* posts */,
				1C573E6C2B9D275300F87F53 /* views */,
				1C573E422B9D266000F87F53 /* acountability101App.swift */,
				1C573E442B9D266000F87F53 /* ContentView.swift */,
				1C573E462B9D266200F87F53 /* Assets.xcassets */,
				1C573E482B9D266200F87F53 /* Preview Content */,
			);
			path = acountability101;
			sourceTree = "<group>";
		};
		1C573E482B9D266200F87F53 /* Preview Content */ = {
			isa = PBXGroup;
			children = (
				1C573E492B9D266200F87F53 /* Preview Assets.xcassets */,
			);
			path = "Preview Content";
			sourceTree = "<group>";
		};
		1C573E522B9D266200F87F53 /* acountability101Tests */ = {
			isa = PBXGroup;
			children = (
				1C573E532B9D266200F87F53 /* acountability101Tests.swift */,
			);
			path = acountability101Tests;
			sourceTree = "<group>";
		};
		1C573E5C2B9D266200F87F53 /* acountability101UITests */ = {
			isa = PBXGroup;
			children = (
				1C573E5D2B9D266200F87F53 /* acountability101UITests.swift */,
				1C573E5F2B9D266200F87F53 /* acountability101UITestsLaunchTests.swift */,
			);
			path = acountability101UITests;
			sourceTree = "<group>";
		};
		1C573E6C2B9D275300F87F53 /* views */ = {
			isa = PBXGroup;
			children = (
				1C573E7D2B9E5A4300F87F53 /* components */,
				1C573E762B9E00D100F87F53 /* screens */,
				1C573E6E2B9D277F00F87F53 /* HomeView.swift */,
				1C573E742B9D2B9300F87F53 /* GroupCard.swift */,
				1C573E792B9E042500F87F53 /* GroupPreviewCard.swift */,
			);
			path = views;
			sourceTree = "<group>";
		};
		1C573E702B9D2ACB00F87F53 /* posts */ = {
			isa = PBXGroup;
			children = (
				1C573E712B9D2B2600F87F53 /* Post.swift */,
			);
			path = posts;
			sourceTree = "<group>";
		};
		1C573E762B9E00D100F87F53 /* screens */ = {
			isa = PBXGroup;
			children = (
				1C573E772B9E026E00F87F53 /* GroupsScreen.swift */,
				1C573E7B2B9E06D500F87F53 /* CreateGroupScreen.swift */,
			);
			path = screens;
			sourceTree = "<group>";
		};
		1C573E7D2B9E5A4300F87F53 /* components */ = {
			isa = PBXGroup;
			children = (
				1C573E802B9E5BFF00F87F53 /* CreatePostTypePopoverView.swift */,
				1C36A4032B9E92DC009CDF29 /* InviteUserToGroupPopover.swift */,
			);
			path = components;
			sourceTree = "<group>";
		};
/* End PBXGroup section */

/* Begin PBXNativeTarget section */
		1C573E3E2B9D266000F87F53 /* acountability101 */ = {
			isa = PBXNativeTarget;
			buildConfigurationList = 1C573E632B9D266200F87F53 /* Build configuration list for PBXNativeTarget "acountability101" */;
			buildPhases = (
				1C573E3B2B9D266000F87F53 /* Sources */,
				1C573E3C2B9D266000F87F53 /* Frameworks */,
				1C573E3D2B9D266000F87F53 /* Resources */,
			);
			buildRules = (
			);
			dependencies = (
			);
			name = acountability101;
			productName = acountability101;
			productReference = 1C573E3F2B9D266000F87F53 /* acountability101.app */;
			productType = "com.apple.product-type.application";
		};
		1C573E4E2B9D266200F87F53 /* acountability101Tests */ = {
			isa = PBXNativeTarget;
			buildConfigurationList = 1C573E662B9D266200F87F53 /* Build configuration list for PBXNativeTarget "acountability101Tests" */;
			buildPhases = (
				1C573E4B2B9D266200F87F53 /* Sources */,
				1C573E4C2B9D266200F87F53 /* Frameworks */,
				1C573E4D2B9D266200F87F53 /* Resources */,
			);
			buildRules = (
			);
			dependencies = (
				1C573E512B9D266200F87F53 /* PBXTargetDependency */,
			);
			name = acountability101Tests;
			productName = acountability101Tests;
			productReference = 1C573E4F2B9D266200F87F53 /* acountability101Tests.xctest */;
			productType = "com.apple.product-type.bundle.unit-test";
		};
		1C573E582B9D266200F87F53 /* acountability101UITests */ = {
			isa = PBXNativeTarget;
			buildConfigurationList = 1C573E692B9D266200F87F53 /* Build configuration list for PBXNativeTarget "acountability101UITests" */;
			buildPhases = (
				1C573E552B9D266200F87F53 /* Sources */,
				1C573E562B9D266200F87F53 /* Frameworks */,
				1C573E572B9D266200F87F53 /* Resources */,
			);
			buildRules = (
			);
			dependencies = (
				1C573E5B2B9D266200F87F53 /* PBXTargetDependency */,
			);
			name = acountability101UITests;
			productName = acountability101UITests;
			productReference = 1C573E592B9D266200F87F53 /* acountability101UITests.xctest */;
			productType = "com.apple.product-type.bundle.ui-testing";
		};
/* End PBXNativeTarget section */

/* Begin PBXProject section */
		1C573E372B9D266000F87F53 /* Project object */ = {
			isa = PBXProject;
			attributes = {
				BuildIndependentTargetsInParallel = 1;
				LastSwiftUpdateCheck = 1500;
				LastUpgradeCheck = 1500;
				TargetAttributes = {
					1C573E3E2B9D266000F87F53 = {
						CreatedOnToolsVersion = 15.0;
					};
					1C573E4E2B9D266200F87F53 = {
						CreatedOnToolsVersion = 15.0;
						TestTargetID = 1C573E3E2B9D266000F87F53;
					};
					1C573E582B9D266200F87F53 = {
						CreatedOnToolsVersion = 15.0;
						TestTargetID = 1C573E3E2B9D266000F87F53;
					};
				};
			};
			buildConfigurationList = 1C573E3A2B9D266000F87F53 /* Build configuration list for PBXProject "acountability101" */;
			compatibilityVersion = "Xcode 14.0";
			developmentRegion = en;
			hasScannedForEncodings = 0;
			knownRegions = (
				en,
				Base,
			);
			mainGroup = 1C573E362B9D266000F87F53;
			productRefGroup = 1C573E402B9D266000F87F53 /* Products */;
			projectDirPath = "";
			projectRoot = "";
			targets = (
				1C573E3E2B9D266000F87F53 /* acountability101 */,
				1C573E4E2B9D266200F87F53 /* acountability101Tests */,
				1C573E582B9D266200F87F53 /* acountability101UITests */,
			);
		};
/* End PBXProject section */

/* Begin PBXResourcesBuildPhase section */
		1C573E3D2B9D266000F87F53 /* Resources */ = {
			isa = PBXResourcesBuildPhase;
			buildActionMask = 2147483647;
			files = (
				1C573E4A2B9D266200F87F53 /* Preview Assets.xcassets in Resources */,
				1C573E472B9D266200F87F53 /* Assets.xcassets in Resources */,
			);
			runOnlyForDeploymentPostprocessing = 0;
		};
		1C573E4D2B9D266200F87F53 /* Resources */ = {
			isa = PBXResourcesBuildPhase;
			buildActionMask = 2147483647;
			files = (
			);
			runOnlyForDeploymentPostprocessing = 0;
		};
		1C573E572B9D266200F87F53 /* Resources */ = {
			isa = PBXResourcesBuildPhase;
			buildActionMask = 2147483647;
			files = (
			);
			runOnlyForDeploymentPostprocessing = 0;
		};
/* End PBXResourcesBuildPhase section */

/* Begin PBXSourcesBuildPhase section */
		1C573E3B2B9D266000F87F53 /* Sources */ = {
			isa = PBXSourcesBuildPhase;
			buildActionMask = 2147483647;
			files = (
				1C573E6F2B9D277F00F87F53 /* HomeView.swift in Sources */,
				1C573E452B9D266000F87F53 /* ContentView.swift in Sources */,
				1C573E752B9D2B9300F87F53 /* GroupCard.swift in Sources */,
				1C573E7C2B9E06D500F87F53 /* CreateGroupScreen.swift in Sources */,
				1C36A4042B9E92DC009CDF29 /* InviteUserToGroupPopover.swift in Sources */,
				1C573E782B9E026E00F87F53 /* GroupsScreen.swift in Sources */,
				1C573E812B9E5BFF00F87F53 /* CreatePostTypePopoverView.swift in Sources */,
				1C573E432B9D266000F87F53 /* acountability101App.swift in Sources */,
				1C573E7A2B9E042500F87F53 /* GroupPreviewCard.swift in Sources */,
				1C573E722B9D2B2600F87F53 /* Post.swift in Sources */,
			);
			runOnlyForDeploymentPostprocessing = 0;
		};
		1C573E4B2B9D266200F87F53 /* Sources */ = {
			isa = PBXSourcesBuildPhase;
			buildActionMask = 2147483647;
			files = (
				1C573E542B9D266200F87F53 /* acountability101Tests.swift in Sources */,
			);
			runOnlyForDeploymentPostprocessing = 0;
		};
		1C573E552B9D266200F87F53 /* Sources */ = {
			isa = PBXSourcesBuildPhase;
			buildActionMask = 2147483647;
			files = (
				1C573E602B9D266200F87F53 /* acountability101UITestsLaunchTests.swift in Sources */,
				1C573E5E2B9D266200F87F53 /* acountability101UITests.swift in Sources */,
			);
			runOnlyForDeploymentPostprocessing = 0;
		};
/* End PBXSourcesBuildPhase section */

/* Begin PBXTargetDependency section */
		1C573E512B9D266200F87F53 /* PBXTargetDependency */ = {
			isa = PBXTargetDependency;
			target = 1C573E3E2B9D266000F87F53 /* acountability101 */;
			targetProxy = 1C573E502B9D266200F87F53 /* PBXContainerItemProxy */;
		};
		1C573E5B2B9D266200F87F53 /* PBXTargetDependency */ = {
			isa = PBXTargetDependency;
			target = 1C573E3E2B9D266000F87F53 /* acountability101 */;
			targetProxy = 1C573E5A2B9D266200F87F53 /* PBXContainerItemProxy */;
		};
/* End PBXTargetDependency section */

/* Begin XCBuildConfiguration section */
		1C573E612B9D266200F87F53 /* Debug */ = {
			isa = XCBuildConfiguration;
			buildSettings = {
				ALWAYS_SEARCH_USER_PATHS = NO;
				ASSETCATALOG_COMPILER_GENERATE_SWIFT_ASSET_SYMBOL_EXTENSIONS = YES;
				CLANG_ANALYZER_NONNULL = YES;
				CLANG_ANALYZER_NUMBER_OBJECT_CONVERSION = YES_AGGRESSIVE;
				CLANG_CXX_LANGUAGE_STANDARD = "gnu++20";
				CLANG_ENABLE_MODULES = YES;
				CLANG_ENABLE_OBJC_ARC = YES;
				CLANG_ENABLE_OBJC_WEAK = YES;
				CLANG_WARN_BLOCK_CAPTURE_AUTORELEASING = YES;
				CLANG_WARN_BOOL_CONVERSION = YES;
				CLANG_WARN_COMMA = YES;
				CLANG_WARN_CONSTANT_CONVERSION = YES;
				CLANG_WARN_DEPRECATED_OBJC_IMPLEMENTATIONS = YES;
				CLANG_WARN_DIRECT_OBJC_ISA_USAGE = YES_ERROR;
				CLANG_WARN_DOCUMENTATION_COMMENTS = YES;
				CLANG_WARN_EMPTY_BODY = YES;
				CLANG_WARN_ENUM_CONVERSION = YES;
				CLANG_WARN_INFINITE_RECURSION = YES;
				CLANG_WARN_INT_CONVERSION = YES;
				CLANG_WARN_NON_LITERAL_NULL_CONVERSION = YES;
				CLANG_WARN_OBJC_IMPLICIT_RETAIN_SELF = YES;
				CLANG_WARN_OBJC_LITERAL_CONVERSION = YES;
				CLANG_WARN_OBJC_ROOT_CLASS = YES_ERROR;
				CLANG_WARN_QUOTED_INCLUDE_IN_FRAMEWORK_HEADER = YES;
				CLANG_WARN_RANGE_LOOP_ANALYSIS = YES;
				CLANG_WARN_STRICT_PROTOTYPES = YES;
				CLANG_WARN_SUSPICIOUS_MOVE = YES;
				CLANG_WARN_UNGUARDED_AVAILABILITY = YES_AGGRESSIVE;
				CLANG_WARN_UNREACHABLE_CODE = YES;
				CLANG_WARN__DUPLICATE_METHOD_MATCH = YES;
				COPY_PHASE_STRIP = NO;
				DEBUG_INFORMATION_FORMAT = dwarf;
				ENABLE_STRICT_OBJC_MSGSEND = YES;
				ENABLE_TESTABILITY = YES;
				ENABLE_USER_SCRIPT_SANDBOXING = YES;
				GCC_C_LANGUAGE_STANDARD = gnu17;
				GCC_DYNAMIC_NO_PIC = NO;
				GCC_NO_COMMON_BLOCKS = YES;
				GCC_OPTIMIZATION_LEVEL = 0;
				GCC_PREPROCESSOR_DEFINITIONS = (
					"DEBUG=1",
					"$(inherited)",
				);
				GCC_WARN_64_TO_32_BIT_CONVERSION = YES;
				GCC_WARN_ABOUT_RETURN_TYPE = YES_ERROR;
				GCC_WARN_UNDECLARED_SELECTOR = YES;
				GCC_WARN_UNINITIALIZED_AUTOS = YES_AGGRESSIVE;
				GCC_WARN_UNUSED_FUNCTION = YES;
				GCC_WARN_UNUSED_VARIABLE = YES;
				IPHONEOS_DEPLOYMENT_TARGET = 17.0;
				LOCALIZATION_PREFERS_STRING_CATALOGS = YES;
				MTL_ENABLE_DEBUG_INFO = INCLUDE_SOURCE;
				MTL_FAST_MATH = YES;
				ONLY_ACTIVE_ARCH = YES;
				SDKROOT = iphoneos;
				SWIFT_ACTIVE_COMPILATION_CONDITIONS = "DEBUG $(inherited)";
				SWIFT_OPTIMIZATION_LEVEL = "-Onone";
			};
			name = Debug;
		};
		1C573E622B9D266200F87F53 /* Release */ = {
			isa = XCBuildConfiguration;
			buildSettings = {
				ALWAYS_SEARCH_USER_PATHS = NO;
				ASSETCATALOG_COMPILER_GENERATE_SWIFT_ASSET_SYMBOL_EXTENSIONS = YES;
				CLANG_ANALYZER_NONNULL = YES;
				CLANG_ANALYZER_NUMBER_OBJECT_CONVERSION = YES_AGGRESSIVE;
				CLANG_CXX_LANGUAGE_STANDARD = "gnu++20";
				CLANG_ENABLE_MODULES = YES;
				CLANG_ENABLE_OBJC_ARC = YES;
				CLANG_ENABLE_OBJC_WEAK = YES;
				CLANG_WARN_BLOCK_CAPTURE_AUTORELEASING = YES;
				CLANG_WARN_BOOL_CONVERSION = YES;
				CLANG_WARN_COMMA = YES;
				CLANG_WARN_CONSTANT_CONVERSION = YES;
				CLANG_WARN_DEPRECATED_OBJC_IMPLEMENTATIONS = YES;
				CLANG_WARN_DIRECT_OBJC_ISA_USAGE = YES_ERROR;
				CLANG_WARN_DOCUMENTATION_COMMENTS = YES;
				CLANG_WARN_EMPTY_BODY = YES;
				CLANG_WARN_ENUM_CONVERSION = YES;
				CLANG_WARN_INFINITE_RECURSION = YES;
				CLANG_WARN_INT_CONVERSION = YES;
				CLANG_WARN_NON_LITERAL_NULL_CONVERSION = YES;
				CLANG_WARN_OBJC_IMPLICIT_RETAIN_SELF = YES;
				CLANG_WARN_OBJC_LITERAL_CONVERSION = YES;
				CLANG_WARN_OBJC_ROOT_CLASS = YES_ERROR;
				CLANG_WARN_QUOTED_INCLUDE_IN_FRAMEWORK_HEADER = YES;
				CLANG_WARN_RANGE_LOOP_ANALYSIS = YES;
				CLANG_WARN_STRICT_PROTOTYPES = YES;
				CLANG_WARN_SUSPICIOUS_MOVE = YES;
				CLANG_WARN_UNGUARDED_AVAILABILITY = YES_AGGRESSIVE;
				CLANG_WARN_UNREACHABLE_CODE = YES;
				CLANG_WARN__DUPLICATE_METHOD_MATCH = YES;
				COPY_PHASE_STRIP = NO;
				DEBUG_INFORMATION_FORMAT = "dwarf-with-dsym";
				ENABLE_NS_ASSERTIONS = NO;
				ENABLE_STRICT_OBJC_MSGSEND = YES;
				ENABLE_USER_SCRIPT_SANDBOXING = YES;
				GCC_C_LANGUAGE_STANDARD = gnu17;
				GCC_NO_COMMON_BLOCKS = YES;
				GCC_WARN_64_TO_32_BIT_CONVERSION = YES;
				GCC_WARN_ABOUT_RETURN_TYPE = YES_ERROR;
				GCC_WARN_UNDECLARED_SELECTOR = YES;
				GCC_WARN_UNINITIALIZED_AUTOS = YES_AGGRESSIVE;
				GCC_WARN_UNUSED_FUNCTION = YES;
				GCC_WARN_UNUSED_VARIABLE = YES;
				IPHONEOS_DEPLOYMENT_TARGET = 17.0;
				LOCALIZATION_PREFERS_STRING_CATALOGS = YES;
				MTL_ENABLE_DEBUG_INFO = NO;
				MTL_FAST_MATH = YES;
				SDKROOT = iphoneos;
				SWIFT_COMPILATION_MODE = wholemodule;
				VALIDATE_PRODUCT = YES;
			};
			name = Release;
		};
		1C573E642B9D266200F87F53 /* Debug */ = {
			isa = XCBuildConfiguration;
			buildSettings = {
				ASSETCATALOG_COMPILER_APPICON_NAME = AppIcon;
				ASSETCATALOG_COMPILER_GLOBAL_ACCENT_COLOR_NAME = AccentColor;
				CODE_SIGN_STYLE = Automatic;
				CURRENT_PROJECT_VERSION = 1;
				DEVELOPMENT_ASSET_PATHS = "\"acountability101/Preview Content\"";
				DEVELOPMENT_TEAM = AL9D97Y8V9;
				ENABLE_PREVIEWS = YES;
				GENERATE_INFOPLIST_FILE = YES;
				INFOPLIST_KEY_UIApplicationSceneManifest_Generation = YES;
				INFOPLIST_KEY_UIApplicationSupportsIndirectInputEvents = YES;
				INFOPLIST_KEY_UILaunchScreen_Generation = YES;
				INFOPLIST_KEY_UISupportedInterfaceOrientations_iPad = "UIInterfaceOrientationPortrait UIInterfaceOrientationPortraitUpsideDown UIInterfaceOrientationLandscapeLeft UIInterfaceOrientationLandscapeRight";
				INFOPLIST_KEY_UISupportedInterfaceOrientations_iPhone = "UIInterfaceOrientationPortrait UIInterfaceOrientationLandscapeLeft UIInterfaceOrientationLandscapeRight";
				LD_RUNPATH_SEARCH_PATHS = (
					"$(inherited)",
					"@executable_path/Frameworks",
				);
				MARKETING_VERSION = 1.0;
				PRODUCT_BUNDLE_IDENTIFIER = "com.fit-friends-v2.acountability101";
				PRODUCT_NAME = "$(TARGET_NAME)";
				SWIFT_EMIT_LOC_STRINGS = YES;
				SWIFT_VERSION = 5.0;
				TARGETED_DEVICE_FAMILY = "1,2";
			};
			name = Debug;
		};
		1C573E652B9D266200F87F53 /* Release */ = {
			isa = XCBuildConfiguration;
			buildSettings = {
				ASSETCATALOG_COMPILER_APPICON_NAME = AppIcon;
				ASSETCATALOG_COMPILER_GLOBAL_ACCENT_COLOR_NAME = AccentColor;
				CODE_SIGN_STYLE = Automatic;
				CURRENT_PROJECT_VERSION = 1;
				DEVELOPMENT_ASSET_PATHS = "\"acountability101/Preview Content\"";
				DEVELOPMENT_TEAM = AL9D97Y8V9;
				ENABLE_PREVIEWS = YES;
				GENERATE_INFOPLIST_FILE = YES;
				INFOPLIST_KEY_UIApplicationSceneManifest_Generation = YES;
				INFOPLIST_KEY_UIApplicationSupportsIndirectInputEvents = YES;
				INFOPLIST_KEY_UILaunchScreen_Generation = YES;
				INFOPLIST_KEY_UISupportedInterfaceOrientations_iPad = "UIInterfaceOrientationPortrait UIInterfaceOrientationPortraitUpsideDown UIInterfaceOrientationLandscapeLeft UIInterfaceOrientationLandscapeRight";
				INFOPLIST_KEY_UISupportedInterfaceOrientations_iPhone = "UIInterfaceOrientationPortrait UIInterfaceOrientationLandscapeLeft UIInterfaceOrientationLandscapeRight";
				LD_RUNPATH_SEARCH_PATHS = (
					"$(inherited)",
					"@executable_path/Frameworks",
				);
				MARKETING_VERSION = 1.0;
				PRODUCT_BUNDLE_IDENTIFIER = "com.fit-friends-v2.acountability101";
				PRODUCT_NAME = "$(TARGET_NAME)";
				SWIFT_EMIT_LOC_STRINGS = YES;
				SWIFT_VERSION = 5.0;
				TARGETED_DEVICE_FAMILY = "1,2";
			};
			name = Release;
		};
		1C573E672B9D266200F87F53 /* Debug */ = {
			isa = XCBuildConfiguration;
			buildSettings = {
				ALWAYS_EMBED_SWIFT_STANDARD_LIBRARIES = YES;
				BUNDLE_LOADER = "$(TEST_HOST)";
				CODE_SIGN_STYLE = Automatic;
				CURRENT_PROJECT_VERSION = 1;
				DEVELOPMENT_TEAM = AL9D97Y8V9;
				GENERATE_INFOPLIST_FILE = YES;
				IPHONEOS_DEPLOYMENT_TARGET = 17.0;
				MARKETING_VERSION = 1.0;
				PRODUCT_BUNDLE_IDENTIFIER = "com.fit-friends-v2.acountability101Tests";
				PRODUCT_NAME = "$(TARGET_NAME)";
				SWIFT_EMIT_LOC_STRINGS = NO;
				SWIFT_VERSION = 5.0;
				TARGETED_DEVICE_FAMILY = "1,2";
				TEST_HOST = "$(BUILT_PRODUCTS_DIR)/acountability101.app/$(BUNDLE_EXECUTABLE_FOLDER_PATH)/acountability101";
			};
			name = Debug;
		};
		1C573E682B9D266200F87F53 /* Release */ = {
			isa = XCBuildConfiguration;
			buildSettings = {
				ALWAYS_EMBED_SWIFT_STANDARD_LIBRARIES = YES;
				BUNDLE_LOADER = "$(TEST_HOST)";
				CODE_SIGN_STYLE = Automatic;
				CURRENT_PROJECT_VERSION = 1;
				DEVELOPMENT_TEAM = AL9D97Y8V9;
				GENERATE_INFOPLIST_FILE = YES;
				IPHONEOS_DEPLOYMENT_TARGET = 17.0;
				MARKETING_VERSION = 1.0;
				PRODUCT_BUNDLE_IDENTIFIER = "com.fit-friends-v2.acountability101Tests";
				PRODUCT_NAME = "$(TARGET_NAME)";
				SWIFT_EMIT_LOC_STRINGS = NO;
				SWIFT_VERSION = 5.0;
				TARGETED_DEVICE_FAMILY = "1,2";
				TEST_HOST = "$(BUILT_PRODUCTS_DIR)/acountability101.app/$(BUNDLE_EXECUTABLE_FOLDER_PATH)/acountability101";
			};
			name = Release;
		};
		1C573E6A2B9D266200F87F53 /* Debug */ = {
			isa = XCBuildConfiguration;
			buildSettings = {
				ALWAYS_EMBED_SWIFT_STANDARD_LIBRARIES = YES;
				CODE_SIGN_STYLE = Automatic;
				CURRENT_PROJECT_VERSION = 1;
				DEVELOPMENT_TEAM = AL9D97Y8V9;
				GENERATE_INFOPLIST_FILE = YES;
				MARKETING_VERSION = 1.0;
				PRODUCT_BUNDLE_IDENTIFIER = "com.fit-friends-v2.acountability101UITests";
				PRODUCT_NAME = "$(TARGET_NAME)";
				SWIFT_EMIT_LOC_STRINGS = NO;
				SWIFT_VERSION = 5.0;
				TARGETED_DEVICE_FAMILY = "1,2";
				TEST_TARGET_NAME = acountability101;
			};
			name = Debug;
		};
		1C573E6B2B9D266200F87F53 /* Release */ = {
			isa = XCBuildConfiguration;
			buildSettings = {
				ALWAYS_EMBED_SWIFT_STANDARD_LIBRARIES = YES;
				CODE_SIGN_STYLE = Automatic;
				CURRENT_PROJECT_VERSION = 1;
				DEVELOPMENT_TEAM = AL9D97Y8V9;
				GENERATE_INFOPLIST_FILE = YES;
				MARKETING_VERSION = 1.0;
				PRODUCT_BUNDLE_IDENTIFIER = "com.fit-friends-v2.acountability101UITests";
				PRODUCT_NAME = "$(TARGET_NAME)";
				SWIFT_EMIT_LOC_STRINGS = NO;
				SWIFT_VERSION = 5.0;
				TARGETED_DEVICE_FAMILY = "1,2";
				TEST_TARGET_NAME = acountability101;
			};
			name = Release;
		};
/* End XCBuildConfiguration section */

/* Begin XCConfigurationList section */
		1C573E3A2B9D266000F87F53 /* Build configuration list for PBXProject "acountability101" */ = {
			isa = XCConfigurationList;
			buildConfigurations = (
				1C573E612B9D266200F87F53 /* Debug */,
				1C573E622B9D266200F87F53 /* Release */,
			);
			defaultConfigurationIsVisible = 0;
			defaultConfigurationName = Release;
		};
		1C573E632B9D266200F87F53 /* Build configuration list for PBXNativeTarget "acountability101" */ = {
			isa = XCConfigurationList;
			buildConfigurations = (
				1C573E642B9D266200F87F53 /* Debug */,
				1C573E652B9D266200F87F53 /* Release */,
			);
			defaultConfigurationIsVisible = 0;
			defaultConfigurationName = Release;
		};
		1C573E662B9D266200F87F53 /* Build configuration list for PBXNativeTarget "acountability101Tests" */ = {
			isa = XCConfigurationList;
			buildConfigurations = (
				1C573E672B9D266200F87F53 /* Debug */,
				1C573E682B9D266200F87F53 /* Release */,
			);
			defaultConfigurationIsVisible = 0;
			defaultConfigurationName = Release;
		};
		1C573E692B9D266200F87F53 /* Build configuration list for PBXNativeTarget "acountability101UITests" */ = {
			isa = XCConfigurationList;
			buildConfigurations = (
				1C573E6A2B9D266200F87F53 /* Debug */,
				1C573E6B2B9D266200F87F53 /* Release */,
			);
			defaultConfigurationIsVisible = 0;
			defaultConfigurationName = Release;
		};
/* End XCConfigurationList section */
	};
	rootObject = 1C573E372B9D266000F87F53 /* Project object */;
}
